
Microsoft Visual Studio Solution File, Format Version 12.00
# Visual Studio Version 17
VisualStudioVersion = 17.12.35707.178 d17.12
MinimumVisualStudioVersion = 10.0.40219.1
Project("{FAE04EC0-301F-11D3-BF4B-00C04F79EFBC}") = "Searching_Pagination", "Searching_Pagination\Searching_Pagination.csproj", "{A036F871-59BC-4BF0-B26D-071F9C578E5B}"
EndProject
Global
	GlobalSection(SolutionConfigurationPlatforms) = preSolution
		Debug|Any CPU = Debug|Any CPU
		Release|Any CPU = Release|Any CPU
	EndGlobalSection
	GlobalSection(ProjectConfigurationPlatforms) = postSolution
		{A036F871-59BC-4BF0-B26D-071F9C578E5B}.Debug|Any CPU.ActiveCfg = Debug|Any CPU
		{A036F871-59BC-4BF0-B26D-071F9C578E5B}.Debug|Any CPU.Build.0 = Debug|Any CPU
		{A036F871-59BC-4BF0-B26D-071F9C578E5B}.Release|Any CPU.ActiveCfg = Release|Any CPU
		{A036F871-59BC-4BF0-B26D-071F9C578E5B}.Release|Any CPU.Build.0 = Release|Any CPU
	EndGlobalSection
	GlobalSection(SolutionProperties) = preSolution
		HideSolutionNode = FALSE
	EndGlobalSection
EndGlobal
